Microsoft Visual Studio Solution File, Format Version 12.00
# Visual Studio Version 17
VisualStudioVersion = 17.11.35222.181
MinimumVisualStudioVersion = 10.0.40219.1
Project("{FAE04EC0-301F-11D3-BF4B-00C04F79EFBC}") = "TradingRobot.AppHost", "src\TradingRobot.AppHost\TradingRobot.AppHost.csproj", "{11111111-0000-0000-0000-000000000001}"
EndProject
Project("{FAE04EC0-301F-11D3-BF4B-00C04F79EFBC}") = "TradingRobot.ServiceDefaults", "src\TradingRobot.ServiceDefaults\TradingRobot.ServiceDefaults.csproj", "{11111111-0000-0000-0000-000000000002}"
EndProject
Project("{FAE04EC0-301F-11D3-BF4B-00C04F79EFBC}") = "TradingRobot.Domain", "src\TradingRobot.Domain\TradingRobot.Domain.csproj", "{11111111-0000-0000-0000-000000000003}"
EndProject
Project("{FAE04EC0-301F-11D3-BF4B-00C04F79EFBC}") = "TradingRobot.MarketData.Binance", "src\TradingRobot.MarketData.Binance\TradingRobot.MarketData.Binance.csproj", "{11111111-0000-0000-0000-000000000004}"
EndProject
Project("{FAE04EC0-301F-11D3-BF4B-00C04F79EFBC}") = "TradingRobot.StrategyTester.Api", "src\TradingRobot.StrategyTester.Api\TradingRobot.StrategyTester.Api.csproj", "{11111111-0000-0000-0000-000000000005}"
EndProject
Project("{FAE04EC0-301F-11D3-BF4B-00C04F79EFBC}") = "TradingRobot.SignalGenerator.Worker", "src\TradingRobot.SignalGenerator.Worker\TradingRobot.SignalGenerator.Worker.csproj", "{11111111-0000-0000-0000-000000000006}"
EndProject
Project("{FAE04EC0-301F-11D3-BF4B-00C04F79EFBC}") = "TradingRobot.LiveExecutionBot.Worker", "src\TradingRobot.LiveExecutionBot.Worker\TradingRobot.LiveExecutionBot.Worker.csproj", "{11111111-0000-0000-0000-000000000007}"
EndProject
Project("{FAE04EC0-301F-11D3-BF4B-00C04F79EFBC}") = "TradingRobot.Dashboard.Web", "src\TradingRobot.Dashboard.Web\TradingRobot.Dashboard.Web.csproj", "{11111111-0000-0000-0000-000000000008}"
EndProject
Project("{FAE04EC0-301F-11D3-BF4B-00C04F79EFBC}") = "TradingRobot.Domain.Tests", "tests\TradingRobot.Domain.Tests\TradingRobot.Domain.Tests.csproj", "{11111111-0000-0000-0000-000000000009}"
EndProject
Global
	GlobalSection(SolutionConfigurationPlatforms) = preSolution
		Debug|Any CPU = Debug|Any CPU
		Release|Any CPU = Release|Any CPU
	EndGlobalSection
	GlobalSection(ProjectConfigurationPlatforms) = postSolution
		{11111111-0000-0000-0000-000000000001}.Debug|Any CPU.ActiveCfg = Debug|Any CPU
		{11111111-0000-0000-0000-000000000001}.Debug|Any CPU.Build.0 = Debug|Any CPU
		{11111111-0000-0000-0000-000000000001}.Release|Any CPU.ActiveCfg = Release|Any CPU
		{11111111-0000-0000-0000-000000000001}.Release|Any CPU.Build.0 = Release|Any CPU
		{11111111-0000-0000-0000-000000000002}.Debug|Any CPU.ActiveCfg = Debug|Any CPU
		{11111111-0000-0000-0000-000000000002}.Debug|Any CPU.Build.0 = Debug|Any CPU
		{11111111-0000-0000-0000-000000000002}.Release|Any CPU.ActiveCfg = Release|Any CPU
		{11111111-0000-0000-0000-000000000002}.Release|Any CPU.Build.0 = Release|Any CPU
		{11111111-0000-0000-0000-000000000003}.Debug|Any CPU.ActiveCfg = Debug|Any CPU
		{11111111-0000-0000-0000-000000000003}.Debug|Any CPU.Build.0 = Debug|Any CPU
		{11111111-0000-0000-0000-000000000003}.Release|Any CPU.ActiveCfg = Release|Any CPU
		{11111111-0000-0000-0000-000000000003}.Release|Any CPU.Build.0 = Release|Any CPU
		{11111111-0000-0000-0000-000000000004}.Debug|Any CPU.ActiveCfg = Debug|Any CPU
		{11111111-0000-0000-0000-000000000004}.Debug|Any CPU.Build.0 = Debug|Any CPU
		{11111111-0000-0000-0000-000000000004}.Release|Any CPU.ActiveCfg = Release|Any CPU
		{11111111-0000-0000-0000-000000000004}.Release|Any CPU.Build.0 = Release|Any CPU
		{11111111-0000-0000-0000-000000000005}.Debug|Any CPU.ActiveCfg = Debug|Any CPU
		{11111111-0000-0000-0000-000000000005}.Debug|Any CPU.Build.0 = Debug|Any CPU
		{11111111-0000-0000-0000-000000000005}.Release|Any CPU.ActiveCfg = Release|Any CPU
		{11111111-0000-0000-0000-000000000005}.Release|Any CPU.Build.0 = Release|Any CPU
		{11111111-0000-0000-0000-000000000006}.Debug|Any CPU.ActiveCfg = Debug|Any CPU
		{11111111-0000-0000-0000-000000000006}.Debug|Any CPU.Build.0 = Debug|Any CPU
		{11111111-0000-0000-0000-000000000006}.Release|Any CPU.ActiveCfg = Release|Any CPU
		{11111111-0000-0000-0000-000000000006}.Release|Any CPU.Build.0 = Release|Any CPU
		{11111111-0000-0000-0000-000000000007}.Debug|Any CPU.ActiveCfg = Debug|Any CPU
		{11111111-0000-0000-0000-000000000007}.Debug|Any CPU.Build.0 = Debug|Any CPU
		{11111111-0000-0000-0000-000000000007}.Release|Any CPU.ActiveCfg = Release|Any CPU
		{11111111-0000-0000-0000-000000000007}.Release|Any CPU.Build.0 = Release|Any CPU
		{11111111-0000-0000-0000-000000000008}.Debug|Any CPU.ActiveCfg = Debug|Any CPU
		{11111111-0000-0000-0000-000000000008}.Debug|Any CPU.Build.0 = Debug|Any CPU
		{11111111-0000-0000-0000-000000000008}.Release|Any CPU.ActiveCfg = Release|Any CPU
		{11111111-0000-0000-0000-000000000008}.Release|Any CPU.Build.0 = Release|Any CPU
		{11111111-0000-0000-0000-000000000009}.Debug|Any CPU.ActiveCfg = Debug|Any CPU
		{11111111-0000-0000-0000-000000000009}.Debug|Any CPU.Build.0 = Debug|Any CPU
		{11111111-0000-0000-0000-000000000009}.Release|Any CPU.ActiveCfg = Release|Any CPU
		{11111111-0000-0000-0000-000000000009}.Release|Any CPU.Build.0 = Release|Any CPU
	EndGlobalSection
EndGlobal
